
Microsoft Visual Studio Solution File, Format Version 12.00
# Visual Studio Version 16
VisualStudioVersion = 16.0.29519.181
MinimumVisualStudioVersion = 10.0.40219.1
Project("{FAE04EC0-301F-11D3-BF4B-00C04F79EFBC}") = "DictionaryLibrary", "DictionaryLibrary\DictionaryLibrary.csproj", "{D5D48AD3-E594-42BF-9A0E-3E11671BA378}"
EndProject
Project("{FAE04EC0-301F-11D3-BF4B-00C04F79EFBC}") = "DictionaryTest", "DictionaryTest\DictionaryTest.csproj", "{62861FD5-65DD-437F-863B-C31585511259}"
EndProject
Global
	GlobalSection(SolutionConfigurationPlatforms) = preSolution
		Debug|Any CPU = Debug|Any CPU
		Release|Any CPU = Release|Any CPU
	EndGlobalSection
	GlobalSection(ProjectConfigurationPlatforms) = postSolution
		{D5D48AD3-E594-42BF-9A0E-3E11671BA378}.Debug|Any CPU.ActiveCfg = Debug|Any CPU
		{D5D48AD3-E594-42BF-9A0E-3E11671BA378}.Debug|Any CPU.Build.0 = Debug|Any CPU
		{D5D48AD3-E594-42BF-9A0E-3E11671BA378}.Release|Any CPU.ActiveCfg = Release|Any CPU
		{D5D48AD3-E594-42BF-9A0E-3E11671BA378}.Release|Any CPU.Build.0 = Release|Any CPU
		{62861FD5-65DD-437F-863B-C31585511259}.Debug|Any CPU.ActiveCfg = Debug|Any CPU
		{62861FD5-65DD-437F-863B-C31585511259}.Debug|Any CPU.Build.0 = Debug|Any CPU
		{62861FD5-65DD-437F-863B-C31585511259}.Release|Any CPU.ActiveCfg = Release|Any CPU
		{62861FD5-65DD-437F-863B-C31585511259}.Release|Any CPU.Build.0 = Release|Any CPU
	EndGlobalSection
	GlobalSection(SolutionProperties) = preSolution
		HideSolutionNode = FALSE
	EndGlobalSection
	GlobalSection(ExtensibilityGlobals) = postSolution
		SolutionGuid = {C59929F6-3498-47DC-A83F-7F630D5F42EE}
	EndGlobalSection
EndGlobal
