
Microsoft Visual Studio Solution File, Format Version 12.00
# Visual Studio Version 16
VisualStudioVersion = 16.0.29519.181
MinimumVisualStudioVersion = 10.0.40219.1
Project("{9A19103F-16F7-4668-BE54-9A1E7A4F7556}") = "DictionaryLibrary", "DictionaryLibrary\DictionaryLibrary.csproj", "{23856123-912F-4D59-97FE-6FB183683F5F}"
EndProject
Project("{9A19103F-16F7-4668-BE54-9A1E7A4F7556}") = "DictionaryTest", "DictionaryTest\DictionaryTest.csproj", "{2DDFDF6E-6FEC-4B9D-8D47-65759A7A0F3A}"
EndProject
Project("{9A19103F-16F7-4668-BE54-9A1E7A4F7556}") = "FloatDictionary", "FloatDictionary\FloatDictionary.csproj", "{CC5E6CEE-3CA6-4CE7-A170-46161883E6F4}"
EndProject
Project("{9A19103F-16F7-4668-BE54-9A1E7A4F7556}") = "FloatDictionaryTest1", "FloatDictionaryTest1\FloatDictionaryTest1.csproj", "{1C3FE33E-3AFF-4993-9C18-2B345DE013AB}"
EndProject
Project("{9A19103F-16F7-4668-BE54-9A1E7A4F7556}") = "LibraryTest1", "LibraryTest1\LibraryTest1.csproj", "{B65DA67C-492F-409D-AF6E-E416141C1180}"
EndProject
Project("{9A19103F-16F7-4668-BE54-9A1E7A4F7556}") = "test1test", "test1test\test1test.csproj", "{85C836EB-0C4B-430E-AA97-4C12574A767D}"
EndProject
Project("{9A19103F-16F7-4668-BE54-9A1E7A4F7556}") = "Overloading", "Overloading\Overloading.csproj", "{C4D938F0-8C9D-49C9-A7AF-8E22ECEAB60C}"
EndProject
Project("{9A19103F-16F7-4668-BE54-9A1E7A4F7556}") = "DelegateTaskConsole", "DelegateTaskConsole\DelegateTaskConsole.csproj", "{B2685E20-45C3-404C-A968-3F3B5D324340}"
EndProject
Project("{9A19103F-16F7-4668-BE54-9A1E7A4F7556}") = "LambdaTaskConsole", "LambdaTaskConsole\LambdaTaskConsole.csproj", "{4BFC64D2-236C-4B74-8F0E-9FA9CEF07D55}"
EndProject
Project("{FAE04EC0-301F-11D3-BF4B-00C04F79EFBC}") = "MultithreadingGuessNumberLibrary", "MultithreadingGuessNumberLibrary\MultithreadingGuessNumberLibrary.csproj", "{A3993068-42F8-49C6-8D87-366AC667C65C}"
EndProject
Project("{FAE04EC0-301F-11D3-BF4B-00C04F79EFBC}") = "MultithreadingGuessNumberConsoleApp", "MultithreadingGuessNumberConsoleApp\MultithreadingGuessNumberConsoleApp.csproj", "{0DD73740-4B37-4EA9-B64D-EDC59235EA73}"
EndProject
Global
	GlobalSection(SolutionConfigurationPlatforms) = preSolution
		Debug|Any CPU = Debug|Any CPU
		Release|Any CPU = Release|Any CPU
	EndGlobalSection
	GlobalSection(ProjectConfigurationPlatforms) = postSolution
		{23856123-912F-4D59-97FE-6FB183683F5F}.Debug|Any CPU.ActiveCfg = Debug|Any CPU
		{23856123-912F-4D59-97FE-6FB183683F5F}.Debug|Any CPU.Build.0 = Debug|Any CPU
		{23856123-912F-4D59-97FE-6FB183683F5F}.Release|Any CPU.ActiveCfg = Release|Any CPU
		{23856123-912F-4D59-97FE-6FB183683F5F}.Release|Any CPU.Build.0 = Release|Any CPU
		{2DDFDF6E-6FEC-4B9D-8D47-65759A7A0F3A}.Debug|Any CPU.ActiveCfg = Debug|Any CPU
		{2DDFDF6E-6FEC-4B9D-8D47-65759A7A0F3A}.Debug|Any CPU.Build.0 = Debug|Any CPU
		{2DDFDF6E-6FEC-4B9D-8D47-65759A7A0F3A}.Release|Any CPU.ActiveCfg = Release|Any CPU
		{2DDFDF6E-6FEC-4B9D-8D47-65759A7A0F3A}.Release|Any CPU.Build.0 = Release|Any CPU
		{CC5E6CEE-3CA6-4CE7-A170-46161883E6F4}.Debug|Any CPU.ActiveCfg = Debug|Any CPU
		{CC5E6CEE-3CA6-4CE7-A170-46161883E6F4}.Debug|Any CPU.Build.0 = Debug|Any CPU
		{CC5E6CEE-3CA6-4CE7-A170-46161883E6F4}.Release|Any CPU.ActiveCfg = Release|Any CPU
		{CC5E6CEE-3CA6-4CE7-A170-46161883E6F4}.Release|Any CPU.Build.0 = Release|Any CPU
		{1C3FE33E-3AFF-4993-9C18-2B345DE013AB}.Debug|Any CPU.ActiveCfg = Debug|Any CPU
		{1C3FE33E-3AFF-4993-9C18-2B345DE013AB}.Debug|Any CPU.Build.0 = Debug|Any CPU
		{1C3FE33E-3AFF-4993-9C18-2B345DE013AB}.Release|Any CPU.ActiveCfg = Release|Any CPU
		{1C3FE33E-3AFF-4993-9C18-2B345DE013AB}.Release|Any CPU.Build.0 = Release|Any CPU
		{B65DA67C-492F-409D-AF6E-E416141C1180}.Debug|Any CPU.ActiveCfg = Debug|Any CPU
		{B65DA67C-492F-409D-AF6E-E416141C1180}.Debug|Any CPU.Build.0 = Debug|Any CPU
		{B65DA67C-492F-409D-AF6E-E416141C1180}.Release|Any CPU.ActiveCfg = Release|Any CPU
		{B65DA67C-492F-409D-AF6E-E416141C1180}.Release|Any CPU.Build.0 = Release|Any CPU
		{85C836EB-0C4B-430E-AA97-4C12574A767D}.Debug|Any CPU.ActiveCfg = Debug|Any CPU
		{85C836EB-0C4B-430E-AA97-4C12574A767D}.Debug|Any CPU.Build.0 = Debug|Any CPU
		{85C836EB-0C4B-430E-AA97-4C12574A767D}.Release|Any CPU.ActiveCfg = Release|Any CPU
		{85C836EB-0C4B-430E-AA97-4C12574A767D}.Release|Any CPU.Build.0 = Release|Any CPU
		{C4D938F0-8C9D-49C9-A7AF-8E22ECEAB60C}.Debug|Any CPU.ActiveCfg = Debug|Any CPU
		{C4D938F0-8C9D-49C9-A7AF-8E22ECEAB60C}.Debug|Any CPU.Build.0 = Debug|Any CPU
		{C4D938F0-8C9D-49C9-A7AF-8E22ECEAB60C}.Release|Any CPU.ActiveCfg = Release|Any CPU
		{C4D938F0-8C9D-49C9-A7AF-8E22ECEAB60C}.Release|Any CPU.Build.0 = Release|Any CPU
		{B2685E20-45C3-404C-A968-3F3B5D324340}.Debug|Any CPU.ActiveCfg = Debug|Any CPU
		{B2685E20-45C3-404C-A968-3F3B5D324340}.Debug|Any CPU.Build.0 = Debug|Any CPU
		{B2685E20-45C3-404C-A968-3F3B5D324340}.Release|Any CPU.ActiveCfg = Release|Any CPU
		{B2685E20-45C3-404C-A968-3F3B5D324340}.Release|Any CPU.Build.0 = Release|Any CPU
		{4BFC64D2-236C-4B74-8F0E-9FA9CEF07D55}.Debug|Any CPU.ActiveCfg = Debug|Any CPU
		{4BFC64D2-236C-4B74-8F0E-9FA9CEF07D55}.Debug|Any CPU.Build.0 = Debug|Any CPU
		{4BFC64D2-236C-4B74-8F0E-9FA9CEF07D55}.Release|Any CPU.ActiveCfg = Release|Any CPU
		{4BFC64D2-236C-4B74-8F0E-9FA9CEF07D55}.Release|Any CPU.Build.0 = Release|Any CPU
		{A3993068-42F8-49C6-8D87-366AC667C65C}.Debug|Any CPU.ActiveCfg = Debug|Any CPU
		{A3993068-42F8-49C6-8D87-366AC667C65C}.Debug|Any CPU.Build.0 = Debug|Any CPU
		{A3993068-42F8-49C6-8D87-366AC667C65C}.Release|Any CPU.ActiveCfg = Release|Any CPU
		{A3993068-42F8-49C6-8D87-366AC667C65C}.Release|Any CPU.Build.0 = Release|Any CPU
		{0DD73740-4B37-4EA9-B64D-EDC59235EA73}.Debug|Any CPU.ActiveCfg = Debug|Any CPU
		{0DD73740-4B37-4EA9-B64D-EDC59235EA73}.Debug|Any CPU.Build.0 = Debug|Any CPU
		{0DD73740-4B37-4EA9-B64D-EDC59235EA73}.Release|Any CPU.ActiveCfg = Release|Any CPU
		{0DD73740-4B37-4EA9-B64D-EDC59235EA73}.Release|Any CPU.Build.0 = Release|Any CPU
	EndGlobalSection
	GlobalSection(SolutionProperties) = preSolution
		HideSolutionNode = FALSE
	EndGlobalSection
	GlobalSection(ExtensibilityGlobals) = postSolution
		SolutionGuid = {40A053E6-5465-4420-BEA6-C41B2A28EBFC}
	EndGlobalSection
EndGlobal
